// !$*UTF8*$!
{
	archiveVersion = 1;
	classes = {
	};
	objectVersion = 56;
	objects = {

/* Begin PBXBuildFile section */
		B28B03B52AD8434400C6B24C /* DateFormatterTests.swift in Sources */ = {isa = PBXBuildFile; fileRef = B28B03B42AD8434400C6B24C /* DateFormatterTests.swift */; };
		B28B03B72AD849FF00C6B24C /* ListRouterTests.swift in Sources */ = {isa = PBXBuildFile; fileRef = B28B03B62AD849FF00C6B24C /* ListRouterTests.swift */; };
		B28B03B92AD84C6700C6B24C /* NumberFormatterTests.swift in Sources */ = {isa = PBXBuildFile; fileRef = B28B03B82AD84C6700C6B24C /* NumberFormatterTests.swift */; };
		B28B03BD2AD93F0300C6B24C /* Localizable.strings in Resources */ = {isa = PBXBuildFile; fileRef = B28B03BF2AD93F0300C6B24C /* Localizable.strings */; };
		B28B03C42AD944F200C6B24C /* String+Localization.swift in Sources */ = {isa = PBXBuildFile; fileRef = B28B03C32AD944F200C6B24C /* String+Localization.swift */; };
		B28B03C72AD9578900C6B24C /* Transaction+Fake.swift in Sources */ = {isa = PBXBuildFile; fileRef = B28B03C62AD9578900C6B24C /* Transaction+Fake.swift */; };
		B2B2291D2AD801360001795D /* NetworkMonitor.swift in Sources */ = {isa = PBXBuildFile; fileRef = B2B2291C2AD801360001795D /* NetworkMonitor.swift */; };
		B2E7464F2AD6CD5000169D64 /* WorldOfPAYBACKApp.swift in Sources */ = {isa = PBXBuildFile; fileRef = B2E7464E2AD6CD5000169D64 /* WorldOfPAYBACKApp.swift */; };
		B2E746512AD6CD5000169D64 /* TransactionsListView.swift in Sources */ = {isa = PBXBuildFile; fileRef = B2E746502AD6CD5000169D64 /* TransactionsListView.swift */; };
		B2E746532AD6CD5100169D64 /* Assets.xcassets in Resources */ = {isa = PBXBuildFile; fileRef = B2E746522AD6CD5100169D64 /* Assets.xcassets */; };
		B2E746572AD6CD5100169D64 /* Preview Assets.xcassets in Resources */ = {isa = PBXBuildFile; fileRef = B2E746562AD6CD5100169D64 /* Preview Assets.xcassets */; };
		B2E7465F2AD6CE0300169D64 /* TransactionsResponse.swift in Sources */ = {isa = PBXBuildFile; fileRef = B2E7465E2AD6CE0300169D64 /* TransactionsResponse.swift */; };
		B2E746612AD6CE2B00169D64 /* Transaction.swift in Sources */ = {isa = PBXBuildFile; fileRef = B2E746602AD6CE2B00169D64 /* Transaction.swift */; };
		B2E746632AD6CE5800169D64 /* TransactionDetail.swift in Sources */ = {isa = PBXBuildFile; fileRef = B2E746622AD6CE5800169D64 /* TransactionDetail.swift */; };
		B2E746652AD6CE7B00169D64 /* TransactionValue.swift in Sources */ = {isa = PBXBuildFile; fileRef = B2E746642AD6CE7B00169D64 /* TransactionValue.swift */; };
		B2E746682AD6CF1800169D64 /* TransactionLoading.swift in Sources */ = {isa = PBXBuildFile; fileRef = B2E746672AD6CF1800169D64 /* TransactionLoading.swift */; };
		B2E7466B2AD6CF6900169D64 /* MockTransactionLoader.swift in Sources */ = {isa = PBXBuildFile; fileRef = B2E7466A2AD6CF6900169D64 /* MockTransactionLoader.swift */; };
		B2E7466F2AD6D00E00169D64 /* PBTransactions.json in Resources */ = {isa = PBXBuildFile; fileRef = B2E7466E2AD6D00E00169D64 /* PBTransactions.json */; };
		B2E746732AD6D5F700169D64 /* TransactionRowView.swift in Sources */ = {isa = PBXBuildFile; fileRef = B2E746722AD6D5F700169D64 /* TransactionRowView.swift */; };
		B2E746762AD6D63500169D64 /* TransactionsListViewModel.swift in Sources */ = {isa = PBXBuildFile; fileRef = B2E746752AD6D63500169D64 /* TransactionsListViewModel.swift */; };
		B2E746792AD6E3E800169D64 /* NumberFormatter+CurrencyFormatting.swift in Sources */ = {isa = PBXBuildFile; fileRef = B2E746782AD6E3E800169D64 /* NumberFormatter+CurrencyFormatting.swift */; };
		B2E7467B2AD6E42E00169D64 /* DateFormatter+MediumFormattedDate.swift in Sources */ = {isa = PBXBuildFile; fileRef = B2E7467A2AD6E42E00169D64 /* DateFormatter+MediumFormattedDate.swift */; };
		B2E7467E2AD6EB3900169D64 /* ListFeature.swift in Sources */ = {isa = PBXBuildFile; fileRef = B2E7467D2AD6EB3900169D64 /* ListFeature.swift */; };
		B2E746802AD6EC5D00169D64 /* ListRouter.swift in Sources */ = {isa = PBXBuildFile; fileRef = B2E7467F2AD6EC5D00169D64 /* ListRouter.swift */; };
		B2E746852AD71CB600169D64 /* TransactionDetailView.swift in Sources */ = {isa = PBXBuildFile; fileRef = B2E746842AD71CB600169D64 /* TransactionDetailView.swift */; };
		B2E746872AD71E5500169D64 /* TransactionRemoteService.swift in Sources */ = {isa = PBXBuildFile; fileRef = B2E746862AD71E5500169D64 /* TransactionRemoteService.swift */; };
		B2E7468A2AD7226B00169D64 /* AppEnvironment.swift in Sources */ = {isa = PBXBuildFile; fileRef = B2E746892AD7226B00169D64 /* AppEnvironment.swift */; };
		B2E7468D2AD72C6C00169D64 /* FeedFeature.swift in Sources */ = {isa = PBXBuildFile; fileRef = B2E7468C2AD72C6C00169D64 /* FeedFeature.swift */; };
		B2E746902AD72C9B00169D64 /* ShoppingFeature.swift in Sources */ = {isa = PBXBuildFile; fileRef = B2E7468F2AD72C9B00169D64 /* ShoppingFeature.swift */; };
		B2E746932AD72CC700169D64 /* SettingsFeature.swift in Sources */ = {isa = PBXBuildFile; fileRef = B2E746922AD72CC700169D64 /* SettingsFeature.swift */; };
		B2FB92432AD840560045FEEF /* TransactionsListViewModelTests.swift in Sources */ = {isa = PBXBuildFile; fileRef = B2FB92422AD840560045FEEF /* TransactionsListViewModelTests.swift */; };
/* End PBXBuildFile section */

/* Begin PBXContainerItemProxy section */
		B2FB92442AD840560045FEEF /* PBXContainerItemProxy */ = {
			isa = PBXContainerItemProxy;
			containerPortal = B2E746432AD6CD5000169D64 /* Project object */;
			proxyType = 1;
			remoteGlobalIDString = B2E7464A2AD6CD5000169D64;
			remoteInfo = WorldOfPAYBACK;
		};
/* End PBXContainerItemProxy section */

/* Begin PBXFileReference section */
		B28B03B42AD8434400C6B24C /* DateFormatterTests.swift */ = {isa = PBXFileReference; lastKnownFileType = sourcecode.swift; path = DateFormatterTests.swift; sourceTree = "<group>"; };
		B28B03B62AD849FF00C6B24C /* ListRouterTests.swift */ = {isa = PBXFileReference; lastKnownFileType = sourcecode.swift; path = ListRouterTests.swift; sourceTree = "<group>"; };
		B28B03B82AD84C6700C6B24C /* NumberFormatterTests.swift */ = {isa = PBXFileReference; lastKnownFileType = sourcecode.swift; path = NumberFormatterTests.swift; sourceTree = "<group>"; };
		B28B03BE2AD93F0300C6B24C /* en */ = {isa = PBXFileReference; lastKnownFileType = text.plist.strings; name = en; path = en.lproj/Localizable.strings; sourceTree = "<group>"; };
		B28B03C32AD944F200C6B24C /* String+Localization.swift */ = {isa = PBXFileReference; lastKnownFileType = sourcecode.swift; path = "String+Localization.swift"; sourceTree = "<group>"; };
		B28B03C62AD9578900C6B24C /* Transaction+Fake.swift */ = {isa = PBXFileReference; lastKnownFileType = sourcecode.swift; path = "Transaction+Fake.swift"; sourceTree = "<group>"; };
		B2B2291C2AD801360001795D /* NetworkMonitor.swift */ = {isa = PBXFileReference; lastKnownFileType = sourcecode.swift; path = NetworkMonitor.swift; sourceTree = "<group>"; };
		B2E7464B2AD6CD5000169D64 /* WorldOfPAYBACK.app */ = {isa = PBXFileReference; explicitFileType = wrapper.application; includeInIndex = 0; path = WorldOfPAYBACK.app; sourceTree = BUILT_PRODUCTS_DIR; };
		B2E7464E2AD6CD5000169D64 /* WorldOfPAYBACKApp.swift */ = {isa = PBXFileReference; lastKnownFileType = sourcecode.swift; path = WorldOfPAYBACKApp.swift; sourceTree = "<group>"; };
		B2E746502AD6CD5000169D64 /* TransactionsListView.swift */ = {isa = PBXFileReference; lastKnownFileType = sourcecode.swift; path = TransactionsListView.swift; sourceTree = "<group>"; };
		B2E746522AD6CD5100169D64 /* Assets.xcassets */ = {isa = PBXFileReference; lastKnownFileType = folder.assetcatalog; path = Assets.xcassets; sourceTree = "<group>"; };
		B2E746542AD6CD5100169D64 /* WorldOfPAYBACK.entitlements */ = {isa = PBXFileReference; lastKnownFileType = text.plist.entitlements; path = WorldOfPAYBACK.entitlements; sourceTree = "<group>"; };
		B2E746562AD6CD5100169D64 /* Preview Assets.xcassets */ = {isa = PBXFileReference; lastKnownFileType = folder.assetcatalog; path = "Preview Assets.xcassets"; sourceTree = "<group>"; };
		B2E7465E2AD6CE0300169D64 /* TransactionsResponse.swift */ = {isa = PBXFileReference; lastKnownFileType = sourcecode.swift; path = TransactionsResponse.swift; sourceTree = "<group>"; };
		B2E746602AD6CE2B00169D64 /* Transaction.swift */ = {isa = PBXFileReference; lastKnownFileType = sourcecode.swift; path = Transaction.swift; sourceTree = "<group>"; };
		B2E746622AD6CE5800169D64 /* TransactionDetail.swift */ = {isa = PBXFileReference; lastKnownFileType = sourcecode.swift; path = TransactionDetail.swift; sourceTree = "<group>"; };
		B2E746642AD6CE7B00169D64 /* TransactionValue.swift */ = {isa = PBXFileReference; lastKnownFileType = sourcecode.swift; path = TransactionValue.swift; sourceTree = "<group>"; };
		B2E746672AD6CF1800169D64 /* TransactionLoading.swift */ = {isa = PBXFileReference; lastKnownFileType = sourcecode.swift; path = TransactionLoading.swift; sourceTree = "<group>"; };
		B2E7466A2AD6CF6900169D64 /* MockTransactionLoader.swift */ = {isa = PBXFileReference; lastKnownFileType = sourcecode.swift; path = MockTransactionLoader.swift; sourceTree = "<group>"; };
		B2E7466E2AD6D00E00169D64 /* PBTransactions.json */ = {isa = PBXFileReference; fileEncoding = 4; lastKnownFileType = text.json; path = PBTransactions.json; sourceTree = "<group>"; };
		B2E746722AD6D5F700169D64 /* TransactionRowView.swift */ = {isa = PBXFileReference; lastKnownFileType = sourcecode.swift; path = TransactionRowView.swift; sourceTree = "<group>"; };
		B2E746752AD6D63500169D64 /* TransactionsListViewModel.swift */ = {isa = PBXFileReference; lastKnownFileType = sourcecode.swift; path = TransactionsListViewModel.swift; sourceTree = "<group>"; };
		B2E746782AD6E3E800169D64 /* NumberFormatter+CurrencyFormatting.swift */ = {isa = PBXFileReference; lastKnownFileType = sourcecode.swift; path = "NumberFormatter+CurrencyFormatting.swift"; sourceTree = "<group>"; };
		B2E7467A2AD6E42E00169D64 /* DateFormatter+MediumFormattedDate.swift */ = {isa = PBXFileReference; lastKnownFileType = sourcecode.swift; path = "DateFormatter+MediumFormattedDate.swift"; sourceTree = "<group>"; };
		B2E7467D2AD6EB3900169D64 /* ListFeature.swift */ = {isa = PBXFileReference; lastKnownFileType = sourcecode.swift; path = ListFeature.swift; sourceTree = "<group>"; };
		B2E7467F2AD6EC5D00169D64 /* ListRouter.swift */ = {isa = PBXFileReference; lastKnownFileType = sourcecode.swift; path = ListRouter.swift; sourceTree = "<group>"; };
		B2E746842AD71CB600169D64 /* TransactionDetailView.swift */ = {isa = PBXFileReference; lastKnownFileType = sourcecode.swift; path = TransactionDetailView.swift; sourceTree = "<group>"; };
		B2E746862AD71E5500169D64 /* TransactionRemoteService.swift */ = {isa = PBXFileReference; lastKnownFileType = sourcecode.swift; path = TransactionRemoteService.swift; sourceTree = "<group>"; };
		B2E746892AD7226B00169D64 /* AppEnvironment.swift */ = {isa = PBXFileReference; lastKnownFileType = sourcecode.swift; path = AppEnvironment.swift; sourceTree = "<group>"; };
		B2E7468C2AD72C6C00169D64 /* FeedFeature.swift */ = {isa = PBXFileReference; lastKnownFileType = sourcecode.swift; path = FeedFeature.swift; sourceTree = "<group>"; };
		B2E7468F2AD72C9B00169D64 /* ShoppingFeature.swift */ = {isa = PBXFileReference; lastKnownFileType = sourcecode.swift; path = ShoppingFeature.swift; sourceTree = "<group>"; };
		B2E746922AD72CC700169D64 /* SettingsFeature.swift */ = {isa = PBXFileReference; lastKnownFileType = sourcecode.swift; path = SettingsFeature.swift; sourceTree = "<group>"; };
		B2FB92402AD840560045FEEF /* WorldOfPAYBACKTests.xctest */ = {isa = PBXFileReference; explicitFileType = wrapper.cfbundle; includeInIndex = 0; path = WorldOfPAYBACKTests.xctest; sourceTree = BUILT_PRODUCTS_DIR; };
		B2FB92422AD840560045FEEF /* TransactionsListViewModelTests.swift */ = {isa = PBXFileReference; lastKnownFileType = sourcecode.swift; path = TransactionsListViewModelTests.swift; sourceTree = "<group>"; };
/* End PBXFileReference section */

/* Begin PBXFrameworksBuildPhase section */
		B2E746482AD6CD5000169D64 /* Frameworks */ = {
			isa = PBXFrameworksBuildPhase;
			buildActionMask = 2147483647;
			files = (
			);
			runOnlyForDeploymentPostprocessing = 0;
		};
		B2FB923D2AD840560045FEEF /* Frameworks */ = {
			isa = PBXFrameworksBuildPhase;
			buildActionMask = 2147483647;
			files = (
			);
			runOnlyForDeploymentPostprocessing = 0;
		};
/* End PBXFrameworksBuildPhase section */

/* Begin PBXGroup section */
		B28B03BA2AD93E0F00C6B24C /* Localization */ = {
			isa = PBXGroup;
			children = (
				B28B03BF2AD93F0300C6B24C /* Localizable.strings */,
			);
			path = Localization;
			sourceTree = "<group>";
		};
		B2B2291B2AD8011F0001795D /* NetworkMonitor */ = {
			isa = PBXGroup;
			children = (
				B2B2291C2AD801360001795D /* NetworkMonitor.swift */,
			);
			path = NetworkMonitor;
			sourceTree = "<group>";
		};
		B2E746422AD6CD5000169D64 = {
			isa = PBXGroup;
			children = (
				B2E7464D2AD6CD5000169D64 /* WorldOfPAYBACK */,
				B2FB92412AD840560045FEEF /* WorldOfPAYBACKTests */,
				B2E7464C2AD6CD5000169D64 /* Products */,
			);
			sourceTree = "<group>";
		};
		B2E7464C2AD6CD5000169D64 /* Products */ = {
			isa = PBXGroup;
			children = (
				B2E7464B2AD6CD5000169D64 /* WorldOfPAYBACK.app */,
				B2FB92402AD840560045FEEF /* WorldOfPAYBACKTests.xctest */,
			);
			name = Products;
			sourceTree = "<group>";
		};
		B2E7464D2AD6CD5000169D64 /* WorldOfPAYBACK */ = {
			isa = PBXGroup;
			children = (
				B28B03BA2AD93E0F00C6B24C /* Localization */,
				B2E746882AD7223400169D64 /* Environment */,
				B2E746772AD6E3BD00169D64 /* Extensions */,
				B2E746702AD6D3CF00169D64 /* Features */,
				B2E746662AD6CEFC00169D64 /* Services */,
				B2E7465D2AD6CDF400169D64 /* Models */,
				B2E7464E2AD6CD5000169D64 /* WorldOfPAYBACKApp.swift */,
				B2E746522AD6CD5100169D64 /* Assets.xcassets */,
				B2E746542AD6CD5100169D64 /* WorldOfPAYBACK.entitlements */,
				B2E7466E2AD6D00E00169D64 /* PBTransactions.json */,
				B2E746552AD6CD5100169D64 /* Preview Content */,
			);
			path = WorldOfPAYBACK;
			sourceTree = "<group>";
		};
		B2E746552AD6CD5100169D64 /* Preview Content */ = {
			isa = PBXGroup;
			children = (
				B2E746562AD6CD5100169D64 /* Preview Assets.xcassets */,
			);
			path = "Preview Content";
			sourceTree = "<group>";
		};
		B2E7465D2AD6CDF400169D64 /* Models */ = {
			isa = PBXGroup;
			children = (
				B2E7465E2AD6CE0300169D64 /* TransactionsResponse.swift */,
				B2E746602AD6CE2B00169D64 /* Transaction.swift */,
				B2E746622AD6CE5800169D64 /* TransactionDetail.swift */,
				B2E746642AD6CE7B00169D64 /* TransactionValue.swift */,
				B28B03C62AD9578900C6B24C /* Transaction+Fake.swift */,
			);
			path = Models;
			sourceTree = "<group>";
		};
		B2E746662AD6CEFC00169D64 /* Services */ = {
			isa = PBXGroup;
			children = (
				B2B2291B2AD8011F0001795D /* NetworkMonitor */,
				B2E746692AD6CF2C00169D64 /* Transaction */,
			);
			path = Services;
			sourceTree = "<group>";
		};
		B2E746692AD6CF2C00169D64 /* Transaction */ = {
			isa = PBXGroup;
			children = (
				B2E746672AD6CF1800169D64 /* TransactionLoading.swift */,
				B2E7466A2AD6CF6900169D64 /* MockTransactionLoader.swift */,
				B2E746862AD71E5500169D64 /* TransactionRemoteService.swift */,
			);
			path = Transaction;
			sourceTree = "<group>";
		};
		B2E746702AD6D3CF00169D64 /* Features */ = {
			isa = PBXGroup;
			children = (
				B2E746912AD72CB500169D64 /* Settings */,
				B2E7468E2AD72C9100169D64 /* Shopping */,
				B2E7468B2AD72C4D00169D64 /* Feed */,
				B2E746712AD6D3D900169D64 /* TransactionsList */,
			);
			path = Features;
			sourceTree = "<group>";
		};
		B2E746712AD6D3D900169D64 /* TransactionsList */ = {
			isa = PBXGroup;
			children = (
				B2E7467C2AD6EB1E00169D64 /* Views */,
				B2E746742AD6D62000169D64 /* ViewModel */,
				B2E7467D2AD6EB3900169D64 /* ListFeature.swift */,
				B2E7467F2AD6EC5D00169D64 /* ListRouter.swift */,
			);
			path = TransactionsList;
			sourceTree = "<group>";
		};
		B2E746742AD6D62000169D64 /* ViewModel */ = {
			isa = PBXGroup;
			children = (
				B2E746752AD6D63500169D64 /* TransactionsListViewModel.swift */,
			);
			path = ViewModel;
			sourceTree = "<group>";
		};
		B2E746772AD6E3BD00169D64 /* Extensions */ = {
			isa = PBXGroup;
			children = (
				B2E746782AD6E3E800169D64 /* NumberFormatter+CurrencyFormatting.swift */,
				B2E7467A2AD6E42E00169D64 /* DateFormatter+MediumFormattedDate.swift */,
				B28B03C32AD944F200C6B24C /* String+Localization.swift */,
			);
			path = Extensions;
			sourceTree = "<group>";
		};
		B2E7467C2AD6EB1E00169D64 /* Views */ = {
			isa = PBXGroup;
			children = (
				B2E746722AD6D5F700169D64 /* TransactionRowView.swift */,
				B2E746502AD6CD5000169D64 /* TransactionsListView.swift */,
				B2E746842AD71CB600169D64 /* TransactionDetailView.swift */,
			);
			path = Views;
			sourceTree = "<group>";
		};
		B2E746882AD7223400169D64 /* Environment */ = {
			isa = PBXGroup;
			children = (
				B2E746892AD7226B00169D64 /* AppEnvironment.swift */,
			);
			path = Environment;
			sourceTree = "<group>";
		};
		B2E7468B2AD72C4D00169D64 /* Feed */ = {
			isa = PBXGroup;
			children = (
				B2E7468C2AD72C6C00169D64 /* FeedFeature.swift */,
			);
			path = Feed;
			sourceTree = "<group>";
		};
		B2E7468E2AD72C9100169D64 /* Shopping */ = {
			isa = PBXGroup;
			children = (
				B2E7468F2AD72C9B00169D64 /* ShoppingFeature.swift */,
			);
			path = Shopping;
			sourceTree = "<group>";
		};
		B2E746912AD72CB500169D64 /* Settings */ = {
			isa = PBXGroup;
			children = (
				B2E746922AD72CC700169D64 /* SettingsFeature.swift */,
			);
			path = Settings;
			sourceTree = "<group>";
		};
		B2FB92412AD840560045FEEF /* WorldOfPAYBACKTests */ = {
			isa = PBXGroup;
			children = (
				B2FB92422AD840560045FEEF /* TransactionsListViewModelTests.swift */,
				B28B03B42AD8434400C6B24C /* DateFormatterTests.swift */,
				B28B03B62AD849FF00C6B24C /* ListRouterTests.swift */,
				B28B03B82AD84C6700C6B24C /* NumberFormatterTests.swift */,
			);
			path = WorldOfPAYBACKTests;
			sourceTree = "<group>";
		};
/* End PBXGroup section */

/* Begin PBXNativeTarget section */
		B2E7464A2AD6CD5000169D64 /* WorldOfPAYBACK */ = {
			isa = PBXNativeTarget;
			buildConfigurationList = B2E7465A2AD6CD5100169D64 /* Build configuration list for PBXNativeTarget "WorldOfPAYBACK" */;
			buildPhases = (
				B2E746472AD6CD5000169D64 /* Sources */,
				B2E746482AD6CD5000169D64 /* Frameworks */,
				B2E746492AD6CD5000169D64 /* Resources */,
			);
			buildRules = (
			);
			dependencies = (
			);
			name = WorldOfPAYBACK;
			productName = WorldOfPAYBACK;
			productReference = B2E7464B2AD6CD5000169D64 /* WorldOfPAYBACK.app */;
			productType = "com.apple.product-type.application";
		};
		B2FB923F2AD840560045FEEF /* WorldOfPAYBACKTests */ = {
			isa = PBXNativeTarget;
			buildConfigurationList = B2FB92482AD840560045FEEF /* Build configuration list for PBXNativeTarget "WorldOfPAYBACKTests" */;
			buildPhases = (
				B2FB923C2AD840560045FEEF /* Sources */,
				B2FB923D2AD840560045FEEF /* Frameworks */,
				B2FB923E2AD840560045FEEF /* Resources */,
			);
			buildRules = (
			);
			dependencies = (
				B2FB92452AD840560045FEEF /* PBXTargetDependency */,
			);
			name = WorldOfPAYBACKTests;
			productName = WorldOfPAYBACKTests;
			productReference = B2FB92402AD840560045FEEF /* WorldOfPAYBACKTests.xctest */;
			productType = "com.apple.product-type.bundle.unit-test";
		};
/* End PBXNativeTarget section */

/* Begin PBXProject section */
		B2E746432AD6CD5000169D64 /* Project object */ = {
			isa = PBXProject;
			attributes = {
				BuildIndependentTargetsInParallel = 1;
				LastSwiftUpdateCheck = 1410;
				LastUpgradeCheck = 1410;
				TargetAttributes = {
					B2E7464A2AD6CD5000169D64 = {
						CreatedOnToolsVersion = 14.1;
					};
					B2FB923F2AD840560045FEEF = {
						CreatedOnToolsVersion = 14.1;
						TestTargetID = B2E7464A2AD6CD5000169D64;
					};
				};
			};
			buildConfigurationList = B2E746462AD6CD5000169D64 /* Build configuration list for PBXProject "WorldOfPAYBACK" */;
			compatibilityVersion = "Xcode 14.0";
			developmentRegion = en;
			hasScannedForEncodings = 0;
			knownRegions = (
				en,
				Base,
			);
			mainGroup = B2E746422AD6CD5000169D64;
			productRefGroup = B2E7464C2AD6CD5000169D64 /* Products */;
			projectDirPath = "";
			projectRoot = "";
			targets = (
				B2E7464A2AD6CD5000169D64 /* WorldOfPAYBACK */,
				B2FB923F2AD840560045FEEF /* WorldOfPAYBACKTests */,
			);
		};
/* End PBXProject section */

/* Begin PBXResourcesBuildPhase section */
		B2E746492AD6CD5000169D64 /* Resources */ = {
			isa = PBXResourcesBuildPhase;
			buildActionMask = 2147483647;
			files = (
				B2E746572AD6CD5100169D64 /* Preview Assets.xcassets in Resources */,
				B28B03BD2AD93F0300C6B24C /* Localizable.strings in Resources */,
				B2E7466F2AD6D00E00169D64 /* PBTransactions.json in Resources */,
				B2E746532AD6CD5100169D64 /* Assets.xcassets in Resources */,
			);
			runOnlyForDeploymentPostprocessing = 0;
		};
		B2FB923E2AD840560045FEEF /* Resources */ = {
			isa = PBXResourcesBuildPhase;
			buildActionMask = 2147483647;
			files = (
			);
			runOnlyForDeploymentPostprocessing = 0;
		};
/* End PBXResourcesBuildPhase section */

/* Begin PBXSourcesBuildPhase section */
		B2E746472AD6CD5000169D64 /* Sources */ = {
			isa = PBXSourcesBuildPhase;
			buildActionMask = 2147483647;
			files = (
				B2E746682AD6CF1800169D64 /* TransactionLoading.swift in Sources */,
				B28B03C42AD944F200C6B24C /* String+Localization.swift in Sources */,
				B2E746652AD6CE7B00169D64 /* TransactionValue.swift in Sources */,
				B2E7465F2AD6CE0300169D64 /* TransactionsResponse.swift in Sources */,
				B2E746512AD6CD5000169D64 /* TransactionsListView.swift in Sources */,
				B2E746612AD6CE2B00169D64 /* Transaction.swift in Sources */,
				B28B03C72AD9578900C6B24C /* Transaction+Fake.swift in Sources */,
				B2E7466B2AD6CF6900169D64 /* MockTransactionLoader.swift in Sources */,
				B2E746852AD71CB600169D64 /* TransactionDetailView.swift in Sources */,
				B2E746902AD72C9B00169D64 /* ShoppingFeature.swift in Sources */,
				B2E7467E2AD6EB3900169D64 /* ListFeature.swift in Sources */,
				B2E746932AD72CC700169D64 /* SettingsFeature.swift in Sources */,
				B2E7464F2AD6CD5000169D64 /* WorldOfPAYBACKApp.swift in Sources */,
				B2E746802AD6EC5D00169D64 /* ListRouter.swift in Sources */,
				B2E746792AD6E3E800169D64 /* NumberFormatter+CurrencyFormatting.swift in Sources */,
				B2B2291D2AD801360001795D /* NetworkMonitor.swift in Sources */,
				B2E7467B2AD6E42E00169D64 /* DateFormatter+MediumFormattedDate.swift in Sources */,
				B2E746872AD71E5500169D64 /* TransactionRemoteService.swift in Sources */,
				B2E746762AD6D63500169D64 /* TransactionsListViewModel.swift in Sources */,
				B2E7468D2AD72C6C00169D64 /* FeedFeature.swift in Sources */,
				B2E746632AD6CE5800169D64 /* TransactionDetail.swift in Sources */,
				B2E746732AD6D5F700169D64 /* TransactionRowView.swift in Sources */,
				B2E7468A2AD7226B00169D64 /* AppEnvironment.swift in Sources */,
			);
			runOnlyForDeploymentPostprocessing = 0;
		};
		B2FB923C2AD840560045FEEF /* Sources */ = {
			isa = PBXSourcesBuildPhase;
			buildActionMask = 2147483647;
			files = (
				B28B03B52AD8434400C6B24C /* DateFormatterTests.swift in Sources */,
				B28B03B92AD84C6700C6B24C /* NumberFormatterTests.swift in Sources */,
				B28B03B72AD849FF00C6B24C /* ListRouterTests.swift in Sources */,
				B2FB92432AD840560045FEEF /* TransactionsListViewModelTests.swift in Sources */,
			);
			runOnlyForDeploymentPostprocessing = 0;
		};
/* End PBXSourcesBuildPhase section */

/* Begin PBXTargetDependency section */
		B2FB92452AD840560045FEEF /* PBXTargetDependency */ = {
			isa = PBXTargetDependency;
			target = B2E7464A2AD6CD5000169D64 /* WorldOfPAYBACK */;
			targetProxy = B2FB92442AD840560045FEEF /* PBXContainerItemProxy */;
		};
/* End PBXTargetDependency section */

/* Begin PBXVariantGroup section */
		B28B03BF2AD93F0300C6B24C /* Localizable.strings */ = {
			isa = PBXVariantGroup;
			children = (
				B28B03BE2AD93F0300C6B24C /* en */,
			);
			name = Localizable.strings;
			sourceTree = "<group>";
		};
/* End PBXVariantGroup section */

/* Begin XCBuildConfiguration section */
		B2E746582AD6CD5100169D64 /* Debug */ = {
			isa = XCBuildConfiguration;
			buildSettings = {
				ALWAYS_SEARCH_USER_PATHS = NO;
				CLANG_ANALYZER_NONNULL = YES;
				CLANG_ANALYZER_NUMBER_OBJECT_CONVERSION = YES_AGGRESSIVE;
				CLANG_CXX_LANGUAGE_STANDARD = "gnu++20";
				CLANG_ENABLE_MODULES = YES;
				CLANG_ENABLE_OBJC_ARC = YES;
				CLANG_ENABLE_OBJC_WEAK = YES;
				CLANG_WARN_BLOCK_CAPTURE_AUTORELEASING = YES;
				CLANG_WARN_BOOL_CONVERSION = YES;
				CLANG_WARN_COMMA = YES;
				CLANG_WARN_CONSTANT_CONVERSION = YES;
				CLANG_WARN_DEPRECATED_OBJC_IMPLEMENTATIONS = YES;
				CLANG_WARN_DIRECT_OBJC_ISA_USAGE = YES_ERROR;
				CLANG_WARN_DOCUMENTATION_COMMENTS = YES;
				CLANG_WARN_EMPTY_BODY = YES;
				CLANG_WARN_ENUM_CONVERSION = YES;
				CLANG_WARN_INFINITE_RECURSION = YES;
				CLANG_WARN_INT_CONVERSION = YES;
				CLANG_WARN_NON_LITERAL_NULL_CONVERSION = YES;
				CLANG_WARN_OBJC_IMPLICIT_RETAIN_SELF = YES;
				CLANG_WARN_OBJC_LITERAL_CONVERSION = YES;
				CLANG_WARN_OBJC_ROOT_CLASS = YES_ERROR;
				CLANG_WARN_QUOTED_INCLUDE_IN_FRAMEWORK_HEADER = YES;
				CLANG_WARN_RANGE_LOOP_ANALYSIS = YES;
				CLANG_WARN_STRICT_PROTOTYPES = YES;
				CLANG_WARN_SUSPICIOUS_MOVE = YES;
				CLANG_WARN_UNGUARDED_AVAILABILITY = YES_AGGRESSIVE;
				CLANG_WARN_UNREACHABLE_CODE = YES;
				CLANG_WARN__DUPLICATE_METHOD_MATCH = YES;
				COPY_PHASE_STRIP = NO;
				DEBUG_INFORMATION_FORMAT = dwarf;
				ENABLE_STRICT_OBJC_MSGSEND = YES;
				ENABLE_TESTABILITY = YES;
				GCC_C_LANGUAGE_STANDARD = gnu11;
				GCC_DYNAMIC_NO_PIC = NO;
				GCC_NO_COMMON_BLOCKS = YES;
				GCC_OPTIMIZATION_LEVEL = 0;
				GCC_PREPROCESSOR_DEFINITIONS = (
					"DEBUG=1",
					"$(inherited)",
				);
				GCC_WARN_64_TO_32_BIT_CONVERSION = YES;
				GCC_WARN_ABOUT_RETURN_TYPE = YES_ERROR;
				GCC_WARN_UNDECLARED_SELECTOR = YES;
				GCC_WARN_UNINITIALIZED_AUTOS = YES_AGGRESSIVE;
				GCC_WARN_UNUSED_FUNCTION = YES;
				GCC_WARN_UNUSED_VARIABLE = YES;
				MTL_ENABLE_DEBUG_INFO = INCLUDE_SOURCE;
				MTL_FAST_MATH = YES;
				ONLY_ACTIVE_ARCH = YES;
				SWIFT_ACTIVE_COMPILATION_CONDITIONS = DEBUG;
				SWIFT_OPTIMIZATION_LEVEL = "-Onone";
			};
			name = Debug;
		};
		B2E746592AD6CD5100169D64 /* Release */ = {
			isa = XCBuildConfiguration;
			buildSettings = {
				ALWAYS_SEARCH_USER_PATHS = NO;
				CLANG_ANALYZER_NONNULL = YES;
				CLANG_ANALYZER_NUMBER_OBJECT_CONVERSION = YES_AGGRESSIVE;
				CLANG_CXX_LANGUAGE_STANDARD = "gnu++20";
				CLANG_ENABLE_MODULES = YES;
				CLANG_ENABLE_OBJC_ARC = YES;
				CLANG_ENABLE_OBJC_WEAK = YES;
				CLANG_WARN_BLOCK_CAPTURE_AUTORELEASING = YES;
				CLANG_WARN_BOOL_CONVERSION = YES;
				CLANG_WARN_COMMA = YES;
				CLANG_WARN_CONSTANT_CONVERSION = YES;
				CLANG_WARN_DEPRECATED_OBJC_IMPLEMENTATIONS = YES;
				CLANG_WARN_DIRECT_OBJC_ISA_USAGE = YES_ERROR;
				CLANG_WARN_DOCUMENTATION_COMMENTS = YES;
				CLANG_WARN_EMPTY_BODY = YES;
				CLANG_WARN_ENUM_CONVERSION = YES;
				CLANG_WARN_INFINITE_RECURSION = YES;
				CLANG_WARN_INT_CONVERSION = YES;
				CLANG_WARN_NON_LITERAL_NULL_CONVERSION = YES;
				CLANG_WARN_OBJC_IMPLICIT_RETAIN_SELF = YES;
				CLANG_WARN_OBJC_LITERAL_CONVERSION = YES;
				CLANG_WARN_OBJC_ROOT_CLASS = YES_ERROR;
				CLANG_WARN_QUOTED_INCLUDE_IN_FRAMEWORK_HEADER = YES;
				CLANG_WARN_RANGE_LOOP_ANALYSIS = YES;
				CLANG_WARN_STRICT_PROTOTYPES = YES;
				CLANG_WARN_SUSPICIOUS_MOVE = YES;
				CLANG_WARN_UNGUARDED_AVAILABILITY = YES_AGGRESSIVE;
				CLANG_WARN_UNREACHABLE_CODE = YES;
				CLANG_WARN__DUPLICATE_METHOD_MATCH = YES;
				COPY_PHASE_STRIP = NO;
				DEBUG_INFORMATION_FORMAT = "dwarf-with-dsym";
				ENABLE_NS_ASSERTIONS = NO;
				ENABLE_STRICT_OBJC_MSGSEND = YES;
				GCC_C_LANGUAGE_STANDARD = gnu11;
				GCC_NO_COMMON_BLOCKS = YES;
				GCC_WARN_64_TO_32_BIT_CONVERSION = YES;
				GCC_WARN_ABOUT_RETURN_TYPE = YES_ERROR;
				GCC_WARN_UNDECLARED_SELECTOR = YES;
				GCC_WARN_UNINITIALIZED_AUTOS = YES_AGGRESSIVE;
				GCC_WARN_UNUSED_FUNCTION = YES;
				GCC_WARN_UNUSED_VARIABLE = YES;
				MTL_ENABLE_DEBUG_INFO = NO;
				MTL_FAST_MATH = YES;
				SWIFT_COMPILATION_MODE = wholemodule;
				SWIFT_OPTIMIZATION_LEVEL = "-O";
			};
			name = Release;
		};
		B2E7465B2AD6CD5100169D64 /* Debug */ = {
			isa = XCBuildConfiguration;
			buildSettings = {
				ASSETCATALOG_COMPILER_APPICON_NAME = AppIcon;
				ASSETCATALOG_COMPILER_GLOBAL_ACCENT_COLOR_NAME = AccentColor;
				CODE_SIGN_ENTITLEMENTS = WorldOfPAYBACK/WorldOfPAYBACK.entitlements;
				CODE_SIGN_STYLE = Automatic;
				CURRENT_PROJECT_VERSION = 1;
				DEVELOPMENT_ASSET_PATHS = "\"WorldOfPAYBACK/Preview Content\"";
				ENABLE_PREVIEWS = YES;
				GENERATE_INFOPLIST_FILE = YES;
				"INFOPLIST_KEY_UIApplicationSceneManifest_Generation[sdk=iphoneos*]" = YES;
				"INFOPLIST_KEY_UIApplicationSceneManifest_Generation[sdk=iphonesimulator*]" = YES;
				"INFOPLIST_KEY_UIApplicationSupportsIndirectInputEvents[sdk=iphoneos*]" = YES;
				"INFOPLIST_KEY_UIApplicationSupportsIndirectInputEvents[sdk=iphonesimulator*]" = YES;
				"INFOPLIST_KEY_UILaunchScreen_Generation[sdk=iphoneos*]" = YES;
				"INFOPLIST_KEY_UILaunchScreen_Generation[sdk=iphonesimulator*]" = YES;
				"INFOPLIST_KEY_UIStatusBarStyle[sdk=iphoneos*]" = UIStatusBarStyleDefault;
				"INFOPLIST_KEY_UIStatusBarStyle[sdk=iphonesimulator*]" = UIStatusBarStyleDefault;
				INFOPLIST_KEY_UISupportedInterfaceOrientations_iPad = "UIInterfaceOrientationPortrait UIInterfaceOrientationPortraitUpsideDown UIInterfaceOrientationLandscapeLeft UIInterfaceOrientationLandscapeRight";
				INFOPLIST_KEY_UISupportedInterfaceOrientations_iPhone = "UIInterfaceOrientationPortrait UIInterfaceOrientationLandscapeLeft UIInterfaceOrientationLandscapeRight";
				IPHONEOS_DEPLOYMENT_TARGET = 16.1;
				LD_RUNPATH_SEARCH_PATHS = "@executable_path/Frameworks";
				"LD_RUNPATH_SEARCH_PATHS[sdk=macosx*]" = "@executable_path/../Frameworks";
				MACOSX_DEPLOYMENT_TARGET = 13.0;
				MARKETING_VERSION = 1.0;
				PRODUCT_BUNDLE_IDENTIFIER = com.jacek.dogiel.WorldOfPAYBACK;
				PRODUCT_NAME = "$(TARGET_NAME)";
				SDKROOT = auto;
				SUPPORTED_PLATFORMS = "iphoneos iphonesimulator macosx";
				SWIFT_EMIT_LOC_STRINGS = YES;
				SWIFT_VERSION = 5.0;
				TARGETED_DEVICE_FAMILY = "1,2";
			};
			name = Debug;
		};
		B2E7465C2AD6CD5100169D64 /* Release */ = {
			isa = XCBuildConfiguration;
			buildSettings = {
				ASSETCATALOG_COMPILER_APPICON_NAME = AppIcon;
				ASSETCATALOG_COMPILER_GLOBAL_ACCENT_COLOR_NAME = AccentColor;
				CODE_SIGN_ENTITLEMENTS = WorldOfPAYBACK/WorldOfPAYBACK.entitlements;
				CODE_SIGN_STYLE = Automatic;
				CURRENT_PROJECT_VERSION = 1;
				DEVELOPMENT_ASSET_PATHS = "\"WorldOfPAYBACK/Preview Content\"";
				ENABLE_PREVIEWS = YES;
				GENERATE_INFOPLIST_FILE = YES;
				"INFOPLIST_KEY_UIApplicationSceneManifest_Generation[sdk=iphoneos*]" = YES;
				"INFOPLIST_KEY_UIApplicationSceneManifest_Generation[sdk=iphonesimulator*]" = YES;
				"INFOPLIST_KEY_UIApplicationSupportsIndirectInputEvents[sdk=iphoneos*]" = YES;
				"INFOPLIST_KEY_UIApplicationSupportsIndirectInputEvents[sdk=iphonesimulator*]" = YES;
				"INFOPLIST_KEY_UILaunchScreen_Generation[sdk=iphoneos*]" = YES;
				"INFOPLIST_KEY_UILaunchScreen_Generation[sdk=iphonesimulator*]" = YES;
				"INFOPLIST_KEY_UIStatusBarStyle[sdk=iphoneos*]" = UIStatusBarStyleDefault;
				"INFOPLIST_KEY_UIStatusBarStyle[sdk=iphonesimulator*]" = UIStatusBarStyleDefault;
				INFOPLIST_KEY_UISupportedInterfaceOrientations_iPad = "UIInterfaceOrientationPortrait UIInterfaceOrientationPortraitUpsideDown UIInterfaceOrientationLandscapeLeft UIInterfaceOrientationLandscapeRight";
				INFOPLIST_KEY_UISupportedInterfaceOrientations_iPhone = "UIInterfaceOrientationPortrait UIInterfaceOrientationLandscapeLeft UIInterfaceOrientationLandscapeRight";
				IPHONEOS_DEPLOYMENT_TARGET = 16.1;
				LD_RUNPATH_SEARCH_PATHS = "@executable_path/Frameworks";
				"LD_RUNPATH_SEARCH_PATHS[sdk=macosx*]" = "@executable_path/../Frameworks";
				MACOSX_DEPLOYMENT_TARGET = 13.0;
				MARKETING_VERSION = 1.0;
				PRODUCT_BUNDLE_IDENTIFIER = com.jacek.dogiel.WorldOfPAYBACK;
				PRODUCT_NAME = "$(TARGET_NAME)";
				SDKROOT = auto;
				SUPPORTED_PLATFORMS = "iphoneos iphonesimulator macosx";
				SWIFT_EMIT_LOC_STRINGS = YES;
				SWIFT_VERSION = 5.0;
				TARGETED_DEVICE_FAMILY = "1,2";
			};
			name = Release;
		};
		B2FB92462AD840560045FEEF /* Debug */ = {
			isa = XCBuildConfiguration;
			buildSettings = {
				BUNDLE_LOADER = "$(TEST_HOST)";
				CODE_SIGN_STYLE = Automatic;
				CURRENT_PROJECT_VERSION = 1;
				GENERATE_INFOPLIST_FILE = YES;
				IPHONEOS_DEPLOYMENT_TARGET = 16.1;
				MARKETING_VERSION = 1.0;
				PRODUCT_BUNDLE_IDENTIFIER = com.jacek.dogiel.WorldOfPAYBACKTests;
				PRODUCT_NAME = "$(TARGET_NAME)";
				SDKROOT = iphoneos;
				SWIFT_EMIT_LOC_STRINGS = NO;
				SWIFT_VERSION = 5.0;
				TARGETED_DEVICE_FAMILY = "1,2";
				TEST_HOST = "$(BUILT_PRODUCTS_DIR)/WorldOfPAYBACK.app/$(BUNDLE_EXECUTABLE_FOLDER_PATH)/WorldOfPAYBACK";
			};
			name = Debug;
		};
		B2FB92472AD840560045FEEF /* Release */ = {
			isa = XCBuildConfiguration;
			buildSettings = {
				BUNDLE_LOADER = "$(TEST_HOST)";
				CODE_SIGN_STYLE = Automatic;
				CURRENT_PROJECT_VERSION = 1;
				GENERATE_INFOPLIST_FILE = YES;
				IPHONEOS_DEPLOYMENT_TARGET = 16.1;
				MARKETING_VERSION = 1.0;
				PRODUCT_BUNDLE_IDENTIFIER = com.jacek.dogiel.WorldOfPAYBACKTests;
				PRODUCT_NAME = "$(TARGET_NAME)";
				SDKROOT = iphoneos;
				SWIFT_EMIT_LOC_STRINGS = NO;
				SWIFT_VERSION = 5.0;
				TARGETED_DEVICE_FAMILY = "1,2";
				TEST_HOST = "$(BUILT_PRODUCTS_DIR)/WorldOfPAYBACK.app/$(BUNDLE_EXECUTABLE_FOLDER_PATH)/WorldOfPAYBACK";
				VALIDATE_PRODUCT = YES;
			};
			name = Release;
		};
/* End XCBuildConfiguration section */

/* Begin XCConfigurationList section */
		B2E746462AD6CD5000169D64 /* Build configuration list for PBXProject "WorldOfPAYBACK" */ = {
			isa = XCConfigurationList;
			buildConfigurations = (
				B2E746582AD6CD5100169D64 /* Debug */,
				B2E746592AD6CD5100169D64 /* Release */,
			);
			defaultConfigurationIsVisible = 0;
			defaultConfigurationName = Release;
		};
		B2E7465A2AD6CD5100169D64 /* Build configuration list for PBXNativeTarget "WorldOfPAYBACK" */ = {
			isa = XCConfigurationList;
			buildConfigurations = (
				B2E7465B2AD6CD5100169D64 /* Debug */,
				B2E7465C2AD6CD5100169D64 /* Release */,
			);
			defaultConfigurationIsVisible = 0;
			defaultConfigurationName = Release;
		};
		B2FB92482AD840560045FEEF /* Build configuration list for PBXNativeTarget "WorldOfPAYBACKTests" */ = {
			isa = XCConfigurationList;
			buildConfigurations = (
				B2FB92462AD840560045FEEF /* Debug */,
				B2FB92472AD840560045FEEF /* Release */,
			);
			defaultConfigurationIsVisible = 0;
			defaultConfigurationName = Release;
		};
/* End XCConfigurationList section */
	};
	rootObject = B2E746432AD6CD5000169D64 /* Project object */;
}
